// !$*UTF8*$!
{
	archiveVersion = 1;
	classes = {
	};
	objectVersion = 77;
	objects = {

/* Begin PBXBuildFile section */
		AB0CE9FE2DC94EB200990A3C /* FirebaseAuth in Frameworks */ = {isa = PBXBuildFile; productRef = AB0CE9FD2DC94EB200990A3C /* FirebaseAuth */; };
		AB0CEA002DC94EB200990A3C /* FirebaseFirestore in Frameworks */ = {isa = PBXBuildFile; productRef = AB0CE9FF2DC94EB200990A3C /* FirebaseFirestore */; };
		AB0CEA022DC94EB200990A3C /* FirebaseStorage in Frameworks */ = {isa = PBXBuildFile; productRef = AB0CEA012DC94EB200990A3C /* FirebaseStorage */; };
		AB0CEA052DC955BF00990A3C /* FirebaseFirestoreSwift in Frameworks */ = {isa = PBXBuildFile; productRef = AB0CEA042DC955BF00990A3C /* FirebaseFirestoreSwift */; };
		ABBE39DD2DD6687C00E6FBAF /* SDWebImageSwiftUI in Frameworks */ = {isa = PBXBuildFile; productRef = ABBE39DC2DD6687C00E6FBAF /* SDWebImageSwiftUI */; };
/* End PBXBuildFile section */

/* Begin PBXContainerItemProxy section */
		ABDD03242DC949C800C17C85 /* PBXContainerItemProxy */ = {
			isa = PBXContainerItemProxy;
			containerPortal = ABDD030B2DC949C500C17C85 /* Project object */;
			proxyType = 1;
			remoteGlobalIDString = ABDD03122DC949C600C17C85;
			remoteInfo = SponUpClean;
		};
		ABDD032E2DC949C800C17C85 /* PBXContainerItemProxy */ = {
			isa = PBXContainerItemProxy;
			containerPortal = ABDD030B2DC949C500C17C85 /* Project object */;
			proxyType = 1;
			remoteGlobalIDString = ABDD03122DC949C600C17C85;
			remoteInfo = SponUpClean;
		};
/* End PBXContainerItemProxy section */

/* Begin PBXFileReference section */
		ABDD03132DC949C600C17C85 /* SponUpClean.app */ = {isa = PBXFileReference; explicitFileType = wrapper.application; includeInIndex = 0; path = SponUpClean.app; sourceTree = BUILT_PRODUCTS_DIR; };
		ABDD03232DC949C800C17C85 /* SponUpCleanTests.xctest */ = {isa = PBXFileReference; explicitFileType = wrapper.cfbundle; includeInIndex = 0; path = SponUpCleanTests.xctest; sourceTree = BUILT_PRODUCTS_DIR; };
		ABDD032D2DC949C800C17C85 /* SponUpCleanUITests.xctest */ = {isa = PBXFileReference; explicitFileType = wrapper.cfbundle; includeInIndex = 0; path = SponUpCleanUITests.xctest; sourceTree = BUILT_PRODUCTS_DIR; };
/* End PBXFileReference section */

/* Begin PBXFileSystemSynchronizedRootGroup section */
		ABDD03152DC949C600C17C85 /* SponUpClean */ = {
			isa = PBXFileSystemSynchronizedRootGroup;
			path = SponUpClean;
			sourceTree = "<group>";
		};
		ABDD03262DC949C800C17C85 /* SponUpCleanTests */ = {
			isa = PBXFileSystemSynchronizedRootGroup;
			path = SponUpCleanTests;
			sourceTree = "<group>";
		};
		ABDD03302DC949C800C17C85 /* SponUpCleanUITests */ = {
			isa = PBXFileSystemSynchronizedRootGroup;
			path = SponUpCleanUITests;
			sourceTree = "<group>";
		};
/* End PBXFileSystemSynchronizedRootGroup section */

/* Begin PBXFrameworksBuildPhase section */
		ABDD03102DC949C600C17C85 /* Frameworks */ = {
			isa = PBXFrameworksBuildPhase;
			buildActionMask = 2147483647;
			files = (
				ABBE39DD2DD6687C00E6FBAF /* SDWebImageSwiftUI in Frameworks */,
				AB0CE9FE2DC94EB200990A3C /* FirebaseAuth in Frameworks */,
				AB0CEA002DC94EB200990A3C /* FirebaseFirestore in Frameworks */,
				AB0CEA022DC94EB200990A3C /* FirebaseStorage in Frameworks */,
				AB0CEA052DC955BF00990A3C /* FirebaseFirestoreSwift in Frameworks */,
			);
			runOnlyForDeploymentPostprocessing = 0;
		};
		ABDD03202DC949C800C17C85 /* Frameworks */ = {
			isa = PBXFrameworksBuildPhase;
			buildActionMask = 2147483647;
			files = (
			);
			runOnlyForDeploymentPostprocessing = 0;
		};
		ABDD032A2DC949C800C17C85 /* Frameworks */ = {
			isa = PBXFrameworksBuildPhase;
			buildActionMask = 2147483647;
			files = (
			);
			runOnlyForDeploymentPostprocessing = 0;
		};
/* End PBXFrameworksBuildPhase section */

/* Begin PBXGroup section */
		AB0CEA032DC955BF00990A3C /* Frameworks */ = {
			isa = PBXGroup;
			children = (
			);
			name = Frameworks;
			sourceTree = "<group>";
		};
		ABDD030A2DC949C500C17C85 = {
			isa = PBXGroup;
			children = (
				ABDD03152DC949C600C17C85 /* SponUpClean */,
				ABDD03262DC949C800C17C85 /* SponUpCleanTests */,
				ABDD03302DC949C800C17C85 /* SponUpCleanUITests */,
				AB0CEA032DC955BF00990A3C /* Frameworks */,
				ABDD03142DC949C600C17C85 /* Products */,
			);
			sourceTree = "<group>";
		};
		ABDD03142DC949C600C17C85 /* Products */ = {
			isa = PBXGroup;
			children = (
				ABDD03132DC949C600C17C85 /* SponUpClean.app */,
				ABDD03232DC949C800C17C85 /* SponUpCleanTests.xctest */,
				ABDD032D2DC949C800C17C85 /* SponUpCleanUITests.xctest */,
			);
			name = Products;
			sourceTree = "<group>";
		};
/* End PBXGroup section */

/* Begin PBXNativeTarget section */
		ABDD03122DC949C600C17C85 /* SponUpClean */ = {
			isa = PBXNativeTarget;
			buildConfigurationList = ABDD03372DC949C800C17C85 /* Build configuration list for PBXNativeTarget "SponUpClean" */;
			buildPhases = (
				ABDD030F2DC949C600C17C85 /* Sources */,
				ABDD03102DC949C600C17C85 /* Frameworks */,
				ABDD03112DC949C600C17C85 /* Resources */,
			);
			buildRules = (
			);
			dependencies = (
			);
			fileSystemSynchronizedGroups = (
				ABDD03152DC949C600C17C85 /* SponUpClean */,
			);
			name = SponUpClean;
			packageProductDependencies = (
				AB0CE9FD2DC94EB200990A3C /* FirebaseAuth */,
				AB0CE9FF2DC94EB200990A3C /* FirebaseFirestore */,
				AB0CEA012DC94EB200990A3C /* FirebaseStorage */,
				AB0CEA042DC955BF00990A3C /* FirebaseFirestoreSwift */,
				ABBE39DC2DD6687C00E6FBAF /* SDWebImageSwiftUI */,
			);
			productName = SponUpClean;
			productReference = ABDD03132DC949C600C17C85 /* SponUpClean.app */;
			productType = "com.apple.product-type.application";
		};
		ABDD03222DC949C800C17C85 /* SponUpCleanTests */ = {
			isa = PBXNativeTarget;
			buildConfigurationList = ABDD033A2DC949C800C17C85 /* Build configuration list for PBXNativeTarget "SponUpCleanTests" */;
			buildPhases = (
				ABDD031F2DC949C800C17C85 /* Sources */,
				ABDD03202DC949C800C17C85 /* Frameworks */,
				ABDD03212DC949C800C17C85 /* Resources */,
			);
			buildRules = (
			);
			dependencies = (
				ABDD03252DC949C800C17C85 /* PBXTargetDependency */,
			);
			fileSystemSynchronizedGroups = (
				ABDD03262DC949C800C17C85 /* SponUpCleanTests */,
			);
			name = SponUpCleanTests;
			packageProductDependencies = (
			);
			productName = SponUpCleanTests;
			productReference = ABDD03232DC949C800C17C85 /* SponUpCleanTests.xctest */;
			productType = "com.apple.product-type.bundle.unit-test";
		};
		ABDD032C2DC949C800C17C85 /* SponUpCleanUITests */ = {
			isa = PBXNativeTarget;
			buildConfigurationList = ABDD033D2DC949C800C17C85 /* Build configuration list for PBXNativeTarget "SponUpCleanUITests" */;
			buildPhases = (
				ABDD03292DC949C800C17C85 /* Sources */,
				ABDD032A2DC949C800C17C85 /* Frameworks */,
				ABDD032B2DC949C800C17C85 /* Resources */,
			);
			buildRules = (
			);
			dependencies = (
				ABDD032F2DC949C800C17C85 /* PBXTargetDependency */,
			);
			fileSystemSynchronizedGroups = (
				ABDD03302DC949C800C17C85 /* SponUpCleanUITests */,
			);
			name = SponUpCleanUITests;
			packageProductDependencies = (
			);
			productName = SponUpCleanUITests;
			productReference = ABDD032D2DC949C800C17C85 /* SponUpCleanUITests.xctest */;
			productType = "com.apple.product-type.bundle.ui-testing";
		};
/* End PBXNativeTarget section */

/* Begin PBXProject section */
		ABDD030B2DC949C500C17C85 /* Project object */ = {
			isa = PBXProject;
			attributes = {
				BuildIndependentTargetsInParallel = 1;
				LastSwiftUpdateCheck = 1620;
				LastUpgradeCheck = 1620;
				TargetAttributes = {
					ABDD03122DC949C600C17C85 = {
						CreatedOnToolsVersion = 16.2;
					};
					ABDD03222DC949C800C17C85 = {
						CreatedOnToolsVersion = 16.2;
						TestTargetID = ABDD03122DC949C600C17C85;
					};
					ABDD032C2DC949C800C17C85 = {
						CreatedOnToolsVersion = 16.2;
						TestTargetID = ABDD03122DC949C600C17C85;
					};
				};
			};
			buildConfigurationList = ABDD030E2DC949C500C17C85 /* Build configuration list for PBXProject "SponUpClean" */;
			developmentRegion = en;
			hasScannedForEncodings = 0;
			knownRegions = (
				en,
				Base,
			);
			mainGroup = ABDD030A2DC949C500C17C85;
			minimizedProjectReferenceProxies = 1;
			packageReferences = (
				AB0CE9FC2DC94EB200990A3C /* XCRemoteSwiftPackageReference "firebase-ios-sdk" */,
				ABBE39DB2DD6670300E6FBAF /* XCRemoteSwiftPackageReference "SDWebImageSwiftUI" */,
			);
			preferredProjectObjectVersion = 77;
			productRefGroup = ABDD03142DC949C600C17C85 /* Products */;
			projectDirPath = "";
			projectRoot = "";
			targets = (
				ABDD03122DC949C600C17C85 /* SponUpClean */,
				ABDD03222DC949C800C17C85 /* SponUpCleanTests */,
				ABDD032C2DC949C800C17C85 /* SponUpCleanUITests */,
			);
		};
/* End PBXProject section */

/* Begin PBXResourcesBuildPhase section */
		ABDD03112DC949C600C17C85 /* Resources */ = {
			isa = PBXResourcesBuildPhase;
			buildActionMask = 2147483647;
			files = (
			);
			runOnlyForDeploymentPostprocessing = 0;
		};
		ABDD03212DC949C800C17C85 /* Resources */ = {
			isa = PBXResourcesBuildPhase;
			buildActionMask = 2147483647;
			files = (
			);
			runOnlyForDeploymentPostprocessing = 0;
		};
		ABDD032B2DC949C800C17C85 /* Resources */ = {
			isa = PBXResourcesBuildPhase;
			buildActionMask = 2147483647;
			files = (
			);
			runOnlyForDeploymentPostprocessing = 0;
		};
/* End PBXResourcesBuildPhase section */

/* Begin PBXSourcesBuildPhase section */
		ABDD030F2DC949C600C17C85 /* Sources */ = {
			isa = PBXSourcesBuildPhase;
			buildActionMask = 2147483647;
			files = (
			);
			runOnlyForDeploymentPostprocessing = 0;
		};
		ABDD031F2DC949C800C17C85 /* Sources */ = {
			isa = PBXSourcesBuildPhase;
			buildActionMask = 2147483647;
			files = (
			);
			runOnlyForDeploymentPostprocessing = 0;
		};
		ABDD03292DC949C800C17C85 /* Sources */ = {
			isa = PBXSourcesBuildPhase;
			buildActionMask = 2147483647;
			files = (
			);
			runOnlyForDeploymentPostprocessing = 0;
		};
/* End PBXSourcesBuildPhase section */

/* Begin PBXTargetDependency section */
		ABDD03252DC949C800C17C85 /* PBXTargetDependency */ = {
			isa = PBXTargetDependency;
			target = ABDD03122DC949C600C17C85 /* SponUpClean */;
			targetProxy = ABDD03242DC949C800C17C85 /* PBXContainerItemProxy */;
		};
		ABDD032F2DC949C800C17C85 /* PBXTargetDependency */ = {
			isa = PBXTargetDependency;
			target = ABDD03122DC949C600C17C85 /* SponUpClean */;
			targetProxy = ABDD032E2DC949C800C17C85 /* PBXContainerItemProxy */;
		};
/* End PBXTargetDependency section */

/* Begin XCBuildConfiguration section */
		ABDD03352DC949C800C17C85 /* Debug */ = {
			isa = XCBuildConfiguration;
			buildSettings = {
				ALWAYS_SEARCH_USER_PATHS = NO;
				ASSETCATALOG_COMPILER_GENERATE_SWIFT_ASSET_SYMBOL_EXTENSIONS = YES;
				CLANG_ANALYZER_NONNULL = YES;
				CLANG_ANALYZER_NUMBER_OBJECT_CONVERSION = YES_AGGRESSIVE;
				CLANG_CXX_LANGUAGE_STANDARD = "gnu++20";
				CLANG_ENABLE_MODULES = YES;
				CLANG_ENABLE_OBJC_ARC = YES;
				CLANG_ENABLE_OBJC_WEAK = YES;
				CLANG_WARN_BLOCK_CAPTURE_AUTORELEASING = YES;
				CLANG_WARN_BOOL_CONVERSION = YES;
				CLANG_WARN_COMMA = YES;
				CLANG_WARN_CONSTANT_CONVERSION = YES;
				CLANG_WARN_DEPRECATED_OBJC_IMPLEMENTATIONS = YES;
				CLANG_WARN_DIRECT_OBJC_ISA_USAGE = YES_ERROR;
				CLANG_WARN_DOCUMENTATION_COMMENTS = YES;
				CLANG_WARN_EMPTY_BODY = YES;
				CLANG_WARN_ENUM_CONVERSION = YES;
				CLANG_WARN_INFINITE_RECURSION = YES;
				CLANG_WARN_INT_CONVERSION = YES;
				CLANG_WARN_NON_LITERAL_NULL_CONVERSION = YES;
				CLANG_WARN_OBJC_IMPLICIT_RETAIN_SELF = YES;
				CLANG_WARN_OBJC_LITERAL_CONVERSION = YES;
				CLANG_WARN_OBJC_ROOT_CLASS = YES_ERROR;
				CLANG_WARN_QUOTED_INCLUDE_IN_FRAMEWORK_HEADER = YES;
				CLANG_WARN_RANGE_LOOP_ANALYSIS = YES;
				CLANG_WARN_STRICT_PROTOTYPES = YES;
				CLANG_WARN_SUSPICIOUS_MOVE = YES;
				CLANG_WARN_UNGUARDED_AVAILABILITY = YES_AGGRESSIVE;
				CLANG_WARN_UNREACHABLE_CODE = YES;
				CLANG_WARN__DUPLICATE_METHOD_MATCH = YES;
				COPY_PHASE_STRIP = NO;
				DEBUG_INFORMATION_FORMAT = dwarf;
				ENABLE_STRICT_OBJC_MSGSEND = YES;
				ENABLE_TESTABILITY = YES;
				ENABLE_USER_SCRIPT_SANDBOXING = YES;
				GCC_C_LANGUAGE_STANDARD = gnu17;
				GCC_DYNAMIC_NO_PIC = NO;
				GCC_NO_COMMON_BLOCKS = YES;
				GCC_OPTIMIZATION_LEVEL = 0;
				GCC_PREPROCESSOR_DEFINITIONS = (
					"DEBUG=1",
					"$(inherited)",
				);
				GCC_WARN_64_TO_32_BIT_CONVERSION = YES;
				GCC_WARN_ABOUT_RETURN_TYPE = YES_ERROR;
				GCC_WARN_UNDECLARED_SELECTOR = YES;
				GCC_WARN_UNINITIALIZED_AUTOS = YES_AGGRESSIVE;
				GCC_WARN_UNUSED_FUNCTION = YES;
				GCC_WARN_UNUSED_VARIABLE = YES;
				IPHONEOS_DEPLOYMENT_TARGET = 18.2;
				LOCALIZATION_PREFERS_STRING_CATALOGS = YES;
				MTL_ENABLE_DEBUG_INFO = INCLUDE_SOURCE;
				MTL_FAST_MATH = YES;
				ONLY_ACTIVE_ARCH = YES;
				SDKROOT = iphoneos;
				SWIFT_ACTIVE_COMPILATION_CONDITIONS = "DEBUG $(inherited)";
				SWIFT_OPTIMIZATION_LEVEL = "-Onone";
			};
			name = Debug;
		};
		ABDD03362DC949C800C17C85 /* Release */ = {
			isa = XCBuildConfiguration;
			buildSettings = {
				ALWAYS_SEARCH_USER_PATHS = NO;
				ASSETCATALOG_COMPILER_GENERATE_SWIFT_ASSET_SYMBOL_EXTENSIONS = YES;
				CLANG_ANALYZER_NONNULL = YES;
				CLANG_ANALYZER_NUMBER_OBJECT_CONVERSION = YES_AGGRESSIVE;
				CLANG_CXX_LANGUAGE_STANDARD = "gnu++20";
				CLANG_ENABLE_MODULES = YES;
				CLANG_ENABLE_OBJC_ARC = YES;
				CLANG_ENABLE_OBJC_WEAK = YES;
				CLANG_WARN_BLOCK_CAPTURE_AUTORELEASING = YES;
				CLANG_WARN_BOOL_CONVERSION = YES;
				CLANG_WARN_COMMA = YES;
				CLANG_WARN_CONSTANT_CONVERSION = YES;
				CLANG_WARN_DEPRECATED_OBJC_IMPLEMENTATIONS = YES;
				CLANG_WARN_DIRECT_OBJC_ISA_USAGE = YES_ERROR;
				CLANG_WARN_DOCUMENTATION_COMMENTS = YES;
				CLANG_WARN_EMPTY_BODY = YES;
				CLANG_WARN_ENUM_CONVERSION = YES;
				CLANG_WARN_INFINITE_RECURSION = YES;
				CLANG_WARN_INT_CONVERSION = YES;
				CLANG_WARN_NON_LITERAL_NULL_CONVERSION = YES;
				CLANG_WARN_OBJC_IMPLICIT_RETAIN_SELF = YES;
				CLANG_WARN_OBJC_LITERAL_CONVERSION = YES;
				CLANG_WARN_OBJC_ROOT_CLASS = YES_ERROR;
				CLANG_WARN_QUOTED_INCLUDE_IN_FRAMEWORK_HEADER = YES;
				CLANG_WARN_RANGE_LOOP_ANALYSIS = YES;
				CLANG_WARN_STRICT_PROTOTYPES = YES;
				CLANG_WARN_SUSPICIOUS_MOVE = YES;
				CLANG_WARN_UNGUARDED_AVAILABILITY = YES_AGGRESSIVE;
				CLANG_WARN_UNREACHABLE_CODE = YES;
				CLANG_WARN__DUPLICATE_METHOD_MATCH = YES;
				COPY_PHASE_STRIP = NO;
				DEBUG_INFORMATION_FORMAT = "dwarf-with-dsym";
				ENABLE_NS_ASSERTIONS = NO;
				ENABLE_STRICT_OBJC_MSGSEND = YES;
				ENABLE_USER_SCRIPT_SANDBOXING = YES;
				GCC_C_LANGUAGE_STANDARD = gnu17;
				GCC_NO_COMMON_BLOCKS = YES;
				GCC_WARN_64_TO_32_BIT_CONVERSION = YES;
				GCC_WARN_ABOUT_RETURN_TYPE = YES_ERROR;
				GCC_WARN_UNDECLARED_SELECTOR = YES;
				GCC_WARN_UNINITIALIZED_AUTOS = YES_AGGRESSIVE;
				GCC_WARN_UNUSED_FUNCTION = YES;
				GCC_WARN_UNUSED_VARIABLE = YES;
				IPHONEOS_DEPLOYMENT_TARGET = 18.2;
				LOCALIZATION_PREFERS_STRING_CATALOGS = YES;
				MTL_ENABLE_DEBUG_INFO = NO;
				MTL_FAST_MATH = YES;
				SDKROOT = iphoneos;
				SWIFT_COMPILATION_MODE = wholemodule;
				VALIDATE_PRODUCT = YES;
			};
			name = Release;
		};
		ABDD03382DC949C800C17C85 /* Debug */ = {
			isa = XCBuildConfiguration;
			buildSettings = {
				ASSETCATALOG_COMPILER_APPICON_NAME = AppIcon;
				ASSETCATALOG_COMPILER_GLOBAL_ACCENT_COLOR_NAME = AccentColor;
				CODE_SIGN_STYLE = Automatic;
				CURRENT_PROJECT_VERSION = 1;
				DEVELOPMENT_ASSET_PATHS = "\"SponUpClean/Preview Content\"";
				ENABLE_PREVIEWS = YES;
				GENERATE_INFOPLIST_FILE = YES;
				INFOPLIST_KEY_UIApplicationSceneManifest_Generation = YES;
				INFOPLIST_KEY_UIApplicationSupportsIndirectInputEvents = YES;
				INFOPLIST_KEY_UILaunchScreen_Generation = YES;
				INFOPLIST_KEY_UISupportedInterfaceOrientations_iPad = "UIInterfaceOrientationPortrait UIInterfaceOrientationPortraitUpsideDown UIInterfaceOrientationLandscapeLeft UIInterfaceOrientationLandscapeRight";
				INFOPLIST_KEY_UISupportedInterfaceOrientations_iPhone = "UIInterfaceOrientationPortrait UIInterfaceOrientationLandscapeLeft UIInterfaceOrientationLandscapeRight";
				LD_RUNPATH_SEARCH_PATHS = (
					"$(inherited)",
					"@executable_path/Frameworks",
				);
				MARKETING_VERSION = 1.0;
				PRODUCT_BUNDLE_IDENTIFIER = com.sponup.SponUpClean;
				PRODUCT_NAME = "$(TARGET_NAME)";
				SWIFT_EMIT_LOC_STRINGS = YES;
				SWIFT_VERSION = 5.0;
				TARGETED_DEVICE_FAMILY = "1,2";
			};
			name = Debug;
		};
		ABDD03392DC949C800C17C85 /* Release */ = {
			isa = XCBuildConfiguration;
			buildSettings = {
				ASSETCATALOG_COMPILER_APPICON_NAME = AppIcon;
				ASSETCATALOG_COMPILER_GLOBAL_ACCENT_COLOR_NAME = AccentColor;
				CODE_SIGN_STYLE = Automatic;
				CURRENT_PROJECT_VERSION = 1;
				DEVELOPMENT_ASSET_PATHS = "\"SponUpClean/Preview Content\"";
				ENABLE_PREVIEWS = YES;
				GENERATE_INFOPLIST_FILE = YES;
				INFOPLIST_KEY_UIApplicationSceneManifest_Generation = YES;
				INFOPLIST_KEY_UIApplicationSupportsIndirectInputEvents = YES;
				INFOPLIST_KEY_UILaunchScreen_Generation = YES;
				INFOPLIST_KEY_UISupportedInterfaceOrientations_iPad = "UIInterfaceOrientationPortrait UIInterfaceOrientationPortraitUpsideDown UIInterfaceOrientationLandscapeLeft UIInterfaceOrientationLandscapeRight";
				INFOPLIST_KEY_UISupportedInterfaceOrientations_iPhone = "UIInterfaceOrientationPortrait UIInterfaceOrientationLandscapeLeft UIInterfaceOrientationLandscapeRight";
				LD_RUNPATH_SEARCH_PATHS = (
					"$(inherited)",
					"@executable_path/Frameworks",
				);
				MARKETING_VERSION = 1.0;
				PRODUCT_BUNDLE_IDENTIFIER = com.sponup.SponUpClean;
				PRODUCT_NAME = "$(TARGET_NAME)";
				SWIFT_EMIT_LOC_STRINGS = YES;
				SWIFT_VERSION = 5.0;
				TARGETED_DEVICE_FAMILY = "1,2";
			};
			name = Release;
		};
		ABDD033B2DC949C800C17C85 /* Debug */ = {
			isa = XCBuildConfiguration;
			buildSettings = {
				BUNDLE_LOADER = "$(TEST_HOST)";
				CODE_SIGN_STYLE = Automatic;
				CURRENT_PROJECT_VERSION = 1;
				GENERATE_INFOPLIST_FILE = YES;
				IPHONEOS_DEPLOYMENT_TARGET = 18.2;
				MARKETING_VERSION = 1.0;
				PRODUCT_BUNDLE_IDENTIFIER = com.sponup.SponUpCleanTests;
				PRODUCT_NAME = "$(TARGET_NAME)";
				SWIFT_EMIT_LOC_STRINGS = NO;
				SWIFT_VERSION = 5.0;
				TARGETED_DEVICE_FAMILY = "1,2";
				TEST_HOST = "$(BUILT_PRODUCTS_DIR)/SponUpClean.app/$(BUNDLE_EXECUTABLE_FOLDER_PATH)/SponUpClean";
			};
			name = Debug;
		};
		ABDD033C2DC949C800C17C85 /* Release */ = {
			isa = XCBuildConfiguration;
			buildSettings = {
				BUNDLE_LOADER = "$(TEST_HOST)";
				CODE_SIGN_STYLE = Automatic;
				CURRENT_PROJECT_VERSION = 1;
				GENERATE_INFOPLIST_FILE = YES;
				IPHONEOS_DEPLOYMENT_TARGET = 18.2;
				MARKETING_VERSION = 1.0;
				PRODUCT_BUNDLE_IDENTIFIER = com.sponup.SponUpCleanTests;
				PRODUCT_NAME = "$(TARGET_NAME)";
				SWIFT_EMIT_LOC_STRINGS = NO;
				SWIFT_VERSION = 5.0;
				TARGETED_DEVICE_FAMILY = "1,2";
				TEST_HOST = "$(BUILT_PRODUCTS_DIR)/SponUpClean.app/$(BUNDLE_EXECUTABLE_FOLDER_PATH)/SponUpClean";
			};
			name = Release;
		};
		ABDD033E2DC949C800C17C85 /* Debug */ = {
			isa = XCBuildConfiguration;
			buildSettings = {
				CODE_SIGN_STYLE = Automatic;
				CURRENT_PROJECT_VERSION = 1;
				GENERATE_INFOPLIST_FILE = YES;
				MARKETING_VERSION = 1.0;
				PRODUCT_BUNDLE_IDENTIFIER = com.sponup.SponUpCleanUITests;
				PRODUCT_NAME = "$(TARGET_NAME)";
				SWIFT_EMIT_LOC_STRINGS = NO;
				SWIFT_VERSION = 5.0;
				TARGETED_DEVICE_FAMILY = "1,2";
				TEST_TARGET_NAME = SponUpClean;
			};
			name = Debug;
		};
		ABDD033F2DC949C800C17C85 /* Release */ = {
			isa = XCBuildConfiguration;
			buildSettings = {
				CODE_SIGN_STYLE = Automatic;
				CURRENT_PROJECT_VERSION = 1;
				GENERATE_INFOPLIST_FILE = YES;
				MARKETING_VERSION = 1.0;
				PRODUCT_BUNDLE_IDENTIFIER = com.sponup.SponUpCleanUITests;
				PRODUCT_NAME = "$(TARGET_NAME)";
				SWIFT_EMIT_LOC_STRINGS = NO;
				SWIFT_VERSION = 5.0;
				TARGETED_DEVICE_FAMILY = "1,2";
				TEST_TARGET_NAME = SponUpClean;
			};
			name = Release;
		};
/* End XCBuildConfiguration section */

/* Begin XCConfigurationList section */
		ABDD030E2DC949C500C17C85 /* Build configuration list for PBXProject "SponUpClean" */ = {
			isa = XCConfigurationList;
			buildConfigurations = (
				ABDD03352DC949C800C17C85 /* Debug */,
				ABDD03362DC949C800C17C85 /* Release */,
			);
			defaultConfigurationIsVisible = 0;
			defaultConfigurationName = Release;
		};
		ABDD03372DC949C800C17C85 /* Build configuration list for PBXNativeTarget "SponUpClean" */ = {
			isa = XCConfigurationList;
			buildConfigurations = (
				ABDD03382DC949C800C17C85 /* Debug */,
				ABDD03392DC949C800C17C85 /* Release */,
			);
			defaultConfigurationIsVisible = 0;
			defaultConfigurationName = Release;
		};
		ABDD033A2DC949C800C17C85 /* Build configuration list for PBXNativeTarget "SponUpCleanTests" */ = {
			isa = XCConfigurationList;
			buildConfigurations = (
				ABDD033B2DC949C800C17C85 /* Debug */,
				ABDD033C2DC949C800C17C85 /* Release */,
			);
			defaultConfigurationIsVisible = 0;
			defaultConfigurationName = Release;
		};
		ABDD033D2DC949C800C17C85 /* Build configuration list for PBXNativeTarget "SponUpCleanUITests" */ = {
			isa = XCConfigurationList;
			buildConfigurations = (
				ABDD033E2DC949C800C17C85 /* Debug */,
				ABDD033F2DC949C800C17C85 /* Release */,
			);
			defaultConfigurationIsVisible = 0;
			defaultConfigurationName = Release;
		};
/* End XCConfigurationList section */

/* Begin XCRemoteSwiftPackageReference section */
		AB0CE9FC2DC94EB200990A3C /* XCRemoteSwiftPackageReference "firebase-ios-sdk" */ = {
			isa = XCRemoteSwiftPackageReference;
			repositoryURL = "https://github.com/firebase/firebase-ios-sdk";
			requirement = {
				kind = exactVersion;
				version = 10.15.0;
			};
		};
		ABBE39DB2DD6670300E6FBAF /* XCRemoteSwiftPackageReference "SDWebImageSwiftUI" */ = {
			isa = XCRemoteSwiftPackageReference;
			repositoryURL = "https://github.com/SDWebImage/SDWebImageSwiftUI";
			requirement = {
				kind = upToNextMajorVersion;
				minimumVersion = 3.1.3;
			};
		};
/* End XCRemoteSwiftPackageReference section */

/* Begin XCSwiftPackageProductDependency section */
		AB0CE9FD2DC94EB200990A3C /* FirebaseAuth */ = {
			isa = XCSwiftPackageProductDependency;
			package = AB0CE9FC2DC94EB200990A3C /* XCRemoteSwiftPackageReference "firebase-ios-sdk" */;
			productName = FirebaseAuth;
		};
		AB0CE9FF2DC94EB200990A3C /* FirebaseFirestore */ = {
			isa = XCSwiftPackageProductDependency;
			package = AB0CE9FC2DC94EB200990A3C /* XCRemoteSwiftPackageReference "firebase-ios-sdk" */;
			productName = FirebaseFirestore;
		};
		AB0CEA012DC94EB200990A3C /* FirebaseStorage */ = {
			isa = XCSwiftPackageProductDependency;
			package = AB0CE9FC2DC94EB200990A3C /* XCRemoteSwiftPackageReference "firebase-ios-sdk" */;
			productName = FirebaseStorage;
		};
		AB0CEA042DC955BF00990A3C /* FirebaseFirestoreSwift */ = {
			isa = XCSwiftPackageProductDependency;
			package = AB0CE9FC2DC94EB200990A3C /* XCRemoteSwiftPackageReference "firebase-ios-sdk" */;
			productName = FirebaseFirestoreSwift;
		};
		ABBE39DC2DD6687C00E6FBAF /* SDWebImageSwiftUI */ = {
			isa = XCSwiftPackageProductDependency;
			package = ABBE39DB2DD6670300E6FBAF /* XCRemoteSwiftPackageReference "SDWebImageSwiftUI" */;
			productName = SDWebImageSwiftUI;
		};
/* End XCSwiftPackageProductDependency section */
	};
	rootObject = ABDD030B2DC949C500C17C85 /* Project object */;
}
